<?xml version="1.0" encoding="utf-8"?>
<Project ToolsVersion="4.0" xmlns="http://schemas.microsoft.com/developer/msbuild/2003">
  <ItemGroup>
    <Filter Include="Source Files">
      <UniqueIdentifier>{4FC737F1-C7A5-4376-A066-2A32D752A2FF}</UniqueIdentifier>
      <Extensions>cpp;c;cc;cxx;c++;cppm;ixx;def;odl;idl;hpj;bat;asm;asmx</Extensions>
    </Filter>
  </ItemGroup>
  <ItemGroup>
    <ClCompile Include="main.cpp">
      <Filter>Source Files</Filter>
    </ClCompile>
    <ClCompile Include="pch.cpp">
      <Filter>Source Files</Filter>
    </ClCompile>
    <ClCompile Include="IComponent.cpp">
      <Filter>Source Files</Filter>
    </ClCompile>
    <ClCompile Include="Vector.cpp">
      <Filter>Source Files</Filter>
    </ClCompile>
    <ClCompile Include="Transform.cpp">
      <Filter>Source Files</Filter>
    </ClCompile>
    <ClCompile Include="IKeyboardHandler.cpp">
      <Filter>Source Files</Filter>
    </ClCompile>
    <ClCompile Include="ViewASCII.cpp">
      <Filter>Source Files</Filter>
    </ClCompile>
    <ClCompile Include="PopupManager.cpp">
      <Filter>Source Files</Filter>
    </ClCompile>
    <ClCompile Include="Object.cpp">
      <Filter>Source Files</Filter>
    </ClCompile>
    <ClCompile Include="IMachine.cpp">
      <Filter>Source Files</Filter>
    </ClCompile>
    <ClCompile Include="Item.cpp">
      <Filter>Source Files</Filter>
    </ClCompile>
    <ClCompile Include="Inventory.cpp">
      <Filter>Source Files</Filter>
    </ClCompile>
    <ClCompile Include="Map.cpp">
      <Filter>Source Files</Filter>
    </ClCompile>
    <ClCompile Include="Player.cpp">
      <Filter>Source Files</Filter>
    </ClCompile>
    <ClCompile Include="World.cpp">
      <Filter>Source Files</Filter>
    </ClCompile>
    <ClCompile Include="Renderer.cpp">
      <Filter>Source Files</Filter>
    </ClCompile>
    <ClCompile Include="InputManager.cpp">
      <Filter>Source Files</Filter>
    </ClCompile>
    <ClCompile Include="Game.cpp">
      <Filter>Source Files</Filter>
    </ClCompile>
    <ClCompile Include="Miner.cpp">
      <Filter>Source Files</Filter>
    </ClCompile>
    <ClCompile Include="MachineManager.cpp">
      <Filter>Source Files</Filter>
    </ClCompile>
    <ClCompile Include="IPlacebale.cpp">
      <Filter>Source Files</Filter>
    </ClCompile>
    <ClCompile Include="IPlaceable.cpp">
      <Filter>Source Files</Filter>
    </ClCompile>
  </ItemGroup>
  <ItemGroup>
    <ClInclude Include="pch.hpp">
      <Filter>Source Files</Filter>
    </ClInclude>
    <ClInclude Include="IComponent.hpp">
      <Filter>Source Files</Filter>
    </ClInclude>
    <ClInclude Include="Key.hpp">
      <Filter>Source Files</Filter>
    </ClInclude>
    <ClInclude Include="Vector.hpp">
      <Filter>Source Files</Filter>
    </ClInclude>
    <ClInclude Include="Transform.hpp">
      <Filter>Source Files</Filter>
    </ClInclude>
    <ClInclude Include="IKeyboardHandler.hpp">
      <Filter>Source Files</Filter>
    </ClInclude>
    <ClInclude Include="IView.hpp">
      <Filter>Source Files</Filter>
    </ClInclude>
    <ClInclude Include="ViewASCII.hpp">
      <Filter>Source Files</Filter>
    </ClInclude>
    <ClInclude Include="PopupManager.hpp">
      <Filter>Source Files</Filter>
    </ClInclude>
    <ClInclude Include="Object.hpp">
      <Filter>Source Files</Filter>
    </ClInclude>
    <ClInclude Include="IMachine.hpp">
      <Filter>Source Files</Filter>
    </ClInclude>
    <ClInclude Include="Item.hpp">
      <Filter>Source Files</Filter>
    </ClInclude>
    <ClInclude Include="Inventory.hpp">
      <Filter>Source Files</Filter>
    </ClInclude>
    <ClInclude Include="Map.hpp">
      <Filter>Source Files</Filter>
    </ClInclude>
    <ClInclude Include="Player.hpp">
      <Filter>Source Files</Filter>
    </ClInclude>
    <ClInclude Include="World.hpp">
      <Filter>Source Files</Filter>
    </ClInclude>
    <ClInclude Include="Renderer.hpp">
      <Filter>Source Files</Filter>
    </ClInclude>
    <ClInclude Include="InputManager.hpp">
      <Filter>Source Files</Filter>
    </ClInclude>
    <ClInclude Include="Game.hpp">
      <Filter>Source Files</Filter>
    </ClInclude>
    <ClInclude Include="Miner.hpp">
      <Filter>Source Files</Filter>
    </ClInclude>
    <ClInclude Include="ObjectIterator.hpp">
      <Filter>Source Files</Filter>
    </ClInclude>
    <ClInclude Include="Common.hpp">
      <Filter>Source Files</Filter>
    </ClInclude>
    <ClInclude Include="MachineManager.hpp">
      <Filter>Source Files</Filter>
    </ClInclude>
    <ClInclude Include="IPlaceable.hpp">
      <Filter>Source Files</Filter>
    </ClInclude>
  </ItemGroup>
</Project>